hash: 0805d220f5f8eb34c3eceaa2105722f374d75eff61d39ad45e988ee9687064ba
updated: 2017-03-28T13:40:05.435193878-04:00
imports:
- name: github.com/aws/aws-sdk-go
  version: 7111a70b8bea15081468f11bc1450ac2fec2406b
  subpackages:
  - aws
  - aws/awserr
  - aws/awsutil
  - aws/client
  - aws/client/metadata
  - aws/corehandlers
  - aws/credentials
  - aws/credentials/ec2rolecreds
  - aws/credentials/endpointcreds
  - aws/credentials/stscreds
  - aws/defaults
  - aws/ec2metadata
  - aws/endpoints
  - aws/request
  - aws/session
  - aws/signer/v4
  - private/protocol
  - private/protocol/query
  - private/protocol/query/queryutil
  - private/protocol/rest
  - private/protocol/restxml
  - private/protocol/xml/xmlutil
  - service/s3
  - service/sts
- name: github.com/coocood/freecache
  version: d0d9ceb35b1ceab3a11265b4130e418fd485474d
- name: github.com/davecgh/go-spew
  version: 346938d642f2ec3594ed81d874461961cd0faa76
  subpackages:
  - spew
- name: github.com/garyburd/redigo
  version: 0d253a66e6e1349f4581d6d2b300ee434ee2da9f
  subpackages:
  - internal
  - redis
- name: github.com/go-ini/ini
  version: 6f66b0e091edb3c7b380f7c4f0f884274d550b67
- name: github.com/jackc/pgx
  version: 6c5b4703172c5a71b5fd59160188d6857b2cd579
- name: github.com/jmespath/go-jmespath
  version: bd40a432e4c76585ef6b72d3fd96fb9b6dc7b68d
- name: github.com/liyinhgqw/typesafe-config
  version: c8ba452ab033d7f2642481c62b4b67c3229bbfbb
  subpackages:
  - parse
- name: github.com/mattn/go-isatty
  version: 281032e84ae07510239465db46bf442aa44b953a
- name: github.com/mgutz/ansi
  version: c286dcecd19ff979eeb73ea444e479b903f2cfcb
- name: github.com/onsi/gomega
  version: e85f63af4302dc0e4277c6008ecf803f1d80e4f0
  subpackages:
  - format
  - internal/assertion
  - internal/asyncassertion
  - internal/oraclematcher
  - internal/testingtsupport
  - matchers
  - matchers/support/goraph/bipartitegraph
  - matchers/support/goraph/edge
  - matchers/support/goraph/node
  - matchers/support/goraph/util
  - types
- name: github.com/spaolacci/murmur3
  version: 0d12bf811670bf6a1a63828dfbd003eded177fce
- name: github.com/streadway/amqp
  version: afe8eee29a74d213b1f3fb2586058157c397da60
- name: github.com/unchartedsoftware/plog
  version: e7b290aff4666be1962aedc5dabf494c2e7818c7
- name: golang.org/x/net
  version: b4690f45fa1cafc47b1c280c2e75116efe40cc13
  subpackages:
  - context
  - context/ctxhttp
- name: golang.org/x/sys
  version: e24f485414aeafb646f6fca458b0bf869c0880a1
  subpackages:
  - unix
- name: gopkg.in/olivere/elastic.v3
  version: 9da4058517104766446811c87c0890f26c03d945
  subpackages:
  - backoff
  - uritemplates
- name: gopkg.in/yaml.v2
  version: a5b47d31c556af34a302ce5d659e6fea44d90de0
testImports:
- name: github.com/onsi/ginkgo
  version: 67b9df7f55fe1165fd9ad49aca7754cce01a42b8
  subpackages:
  - config
  - internal/codelocation
  - internal/containernode
  - internal/failer
  - internal/leafnodes
  - internal/remote
  - internal/spec
  - internal/spec_iterator
  - internal/specrunner
  - internal/suite
  - internal/testingtproxy
  - internal/writer
  - reporters
  - reporters/stenographer
  - reporters/stenographer/support/go-colorable
  - reporters/stenographer/support/go-isatty
  - types
